// !$*UTF8*$!
{
	archiveVersion = 1;
	classes = {
	};
	objectVersion = 56;
	objects = {

/* Begin PBXBuildFile section */
		45861AD62ACBFC8A00C1C67C /* MoneyTimeConverterApp.swift in Sources */ = {isa = PBXBuildFile; fileRef = 45861AD52ACBFC8A00C1C67C /* MoneyTimeConverterApp.swift */; };
		45861AD82ACBFC8A00C1C67C /* ContentView.swift in Sources */ = {isa = PBXBuildFile; fileRef = 45861AD72ACBFC8A00C1C67C /* ContentView.swift */; };
		45861ADA2ACBFC8B00C1C67C /* Assets.xcassets in Resources */ = {isa = PBXBuildFile; fileRef = 45861AD92ACBFC8B00C1C67C /* Assets.xcassets */; };
		45861ADD2ACBFC8B00C1C67C /* Preview Assets.xcassets in Resources */ = {isa = PBXBuildFile; fileRef = 45861ADC2ACBFC8B00C1C67C /* Preview Assets.xcassets */; };
		45861AE62ACBFCEC00C1C67C /* MoneyData.swift in Sources */ = {isa = PBXBuildFile; fileRef = 45861AE52ACBFCEC00C1C67C /* MoneyData.swift */; };
		45861AE82ACC280500C1C67C /* UserStore.swift in Sources */ = {isa = PBXBuildFile; fileRef = 45861AE72ACC280500C1C67C /* UserStore.swift */; };
		45861AEC2ACC34DD00C1C67C /* FirstTimeView.swift in Sources */ = {isa = PBXBuildFile; fileRef = 45861AEB2ACC34DD00C1C67C /* FirstTimeView.swift */; };
		45861AEE2ACD4A7100C1C67C /* ErrorWrapper.swift in Sources */ = {isa = PBXBuildFile; fileRef = 45861AED2ACD4A7100C1C67C /* ErrorWrapper.swift */; };
		45861AF02ACD4B8200C1C67C /* ErrorView.swift in Sources */ = {isa = PBXBuildFile; fileRef = 45861AEF2ACD4B8200C1C67C /* ErrorView.swift */; };
		45861AF22ACD77F400C1C67C /* AboutView.swift in Sources */ = {isa = PBXBuildFile; fileRef = 45861AF12ACD77F400C1C67C /* AboutView.swift */; };
/* End PBXBuildFile section */

/* Begin PBXFileReference section */
		45861AD22ACBFC8A00C1C67C /* MoneyTimeConverter.app */ = {isa = PBXFileReference; explicitFileType = wrapper.application; includeInIndex = 0; path = MoneyTimeConverter.app; sourceTree = BUILT_PRODUCTS_DIR; };
		45861AD52ACBFC8A00C1C67C /* MoneyTimeConverterApp.swift */ = {isa = PBXFileReference; lastKnownFileType = sourcecode.swift; path = MoneyTimeConverterApp.swift; sourceTree = "<group>"; };
		45861AD72ACBFC8A00C1C67C /* ContentView.swift */ = {isa = PBXFileReference; lastKnownFileType = sourcecode.swift; path = ContentView.swift; sourceTree = "<group>"; };
		45861AD92ACBFC8B00C1C67C /* Assets.xcassets */ = {isa = PBXFileReference; lastKnownFileType = folder.assetcatalog; path = Assets.xcassets; sourceTree = "<group>"; };
		45861ADC2ACBFC8B00C1C67C /* Preview Assets.xcassets */ = {isa = PBXFileReference; lastKnownFileType = folder.assetcatalog; path = "Preview Assets.xcassets"; sourceTree = "<group>"; };
		45861AE52ACBFCEC00C1C67C /* MoneyData.swift */ = {isa = PBXFileReference; lastKnownFileType = sourcecode.swift; path = MoneyData.swift; sourceTree = "<group>"; };
		45861AE72ACC280500C1C67C /* UserStore.swift */ = {isa = PBXFileReference; lastKnownFileType = sourcecode.swift; path = UserStore.swift; sourceTree = "<group>"; };
		45861AEB2ACC34DD00C1C67C /* FirstTimeView.swift */ = {isa = PBXFileReference; lastKnownFileType = sourcecode.swift; path = FirstTimeView.swift; sourceTree = "<group>"; };
		45861AED2ACD4A7100C1C67C /* ErrorWrapper.swift */ = {isa = PBXFileReference; lastKnownFileType = sourcecode.swift; path = ErrorWrapper.swift; sourceTree = "<group>"; };
		45861AEF2ACD4B8200C1C67C /* ErrorView.swift */ = {isa = PBXFileReference; lastKnownFileType = sourcecode.swift; path = ErrorView.swift; sourceTree = "<group>"; };
		45861AF12ACD77F400C1C67C /* AboutView.swift */ = {isa = PBXFileReference; lastKnownFileType = sourcecode.swift; path = AboutView.swift; sourceTree = "<group>"; };
/* End PBXFileReference section */

/* Begin PBXFrameworksBuildPhase section */
		45861ACF2ACBFC8A00C1C67C /* Frameworks */ = {
			isa = PBXFrameworksBuildPhase;
			buildActionMask = 2147483647;
			files = (
			);
			runOnlyForDeploymentPostprocessing = 0;
		};
/* End PBXFrameworksBuildPhase section */

/* Begin PBXGroup section */
		45861AC92ACBFC8A00C1C67C = {
			isa = PBXGroup;
			children = (
				45861AD42ACBFC8A00C1C67C /* MoneyTimeConverter */,
				45861AD32ACBFC8A00C1C67C /* Products */,
			);
			sourceTree = "<group>";
		};
		45861AD32ACBFC8A00C1C67C /* Products */ = {
			isa = PBXGroup;
			children = (
				45861AD22ACBFC8A00C1C67C /* MoneyTimeConverter.app */,
			);
			name = Products;
			sourceTree = "<group>";
		};
		45861AD42ACBFC8A00C1C67C /* MoneyTimeConverter */ = {
			isa = PBXGroup;
			children = (
				45861AE42ACBFCC300C1C67C /* Views */,
				45861AE32ACBFCB800C1C67C /* Models */,
				45861AD52ACBFC8A00C1C67C /* MoneyTimeConverterApp.swift */,
				45861AD92ACBFC8B00C1C67C /* Assets.xcassets */,
				45861ADB2ACBFC8B00C1C67C /* Preview Content */,
			);
			path = MoneyTimeConverter;
			sourceTree = "<group>";
		};
		45861ADB2ACBFC8B00C1C67C /* Preview Content */ = {
			isa = PBXGroup;
			children = (
				45861ADC2ACBFC8B00C1C67C /* Preview Assets.xcassets */,
			);
			path = "Preview Content";
			sourceTree = "<group>";
		};
		45861AE32ACBFCB800C1C67C /* Models */ = {
			isa = PBXGroup;
			children = (
				45861AE52ACBFCEC00C1C67C /* MoneyData.swift */,
				45861AE72ACC280500C1C67C /* UserStore.swift */,
				45861AED2ACD4A7100C1C67C /* ErrorWrapper.swift */,
			);
			path = Models;
			sourceTree = "<group>";
		};
		45861AE42ACBFCC300C1C67C /* Views */ = {
			isa = PBXGroup;
			children = (
				45861AD72ACBFC8A00C1C67C /* ContentView.swift */,
				45861AEB2ACC34DD00C1C67C /* FirstTimeView.swift */,
				45861AEF2ACD4B8200C1C67C /* ErrorView.swift */,
				45861AF12ACD77F400C1C67C /* AboutView.swift */,
			);
			path = Views;
			sourceTree = "<group>";
		};
/* End PBXGroup section */

/* Begin PBXNativeTarget section */
		45861AD12ACBFC8A00C1C67C /* MoneyTimeConverter */ = {
			isa = PBXNativeTarget;
			buildConfigurationList = 45861AE02ACBFC8B00C1C67C /* Build configuration list for PBXNativeTarget "MoneyTimeConverter" */;
			buildPhases = (
				45861ACE2ACBFC8A00C1C67C /* Sources */,
				45861ACF2ACBFC8A00C1C67C /* Frameworks */,
				45861AD02ACBFC8A00C1C67C /* Resources */,
			);
			buildRules = (
			);
			dependencies = (
			);
			name = MoneyTimeConverter;
			productName = MoneyTimeConverter;
			productReference = 45861AD22ACBFC8A00C1C67C /* MoneyTimeConverter.app */;
			productType = "com.apple.product-type.application";
		};
/* End PBXNativeTarget section */

/* Begin PBXProject section */
		45861ACA2ACBFC8A00C1C67C /* Project object */ = {
			isa = PBXProject;
			attributes = {
				BuildIndependentTargetsInParallel = 1;
				LastSwiftUpdateCheck = 1430;
				LastUpgradeCheck = 1430;
				TargetAttributes = {
					45861AD12ACBFC8A00C1C67C = {
						CreatedOnToolsVersion = 14.3.1;
					};
				};
			};
			buildConfigurationList = 45861ACD2ACBFC8A00C1C67C /* Build configuration list for PBXProject "MoneyTimeConverter" */;
			compatibilityVersion = "Xcode 14.0";
			developmentRegion = en;
			hasScannedForEncodings = 0;
			knownRegions = (
				en,
				Base,
			);
			mainGroup = 45861AC92ACBFC8A00C1C67C;
			productRefGroup = 45861AD32ACBFC8A00C1C67C /* Products */;
			projectDirPath = "";
			projectRoot = "";
			targets = (
				45861AD12ACBFC8A00C1C67C /* MoneyTimeConverter */,
			);
		};
/* End PBXProject section */

/* Begin PBXResourcesBuildPhase section */
		45861AD02ACBFC8A00C1C67C /* Resources */ = {
			isa = PBXResourcesBuildPhase;
			buildActionMask = 2147483647;
			files = (
				45861ADD2ACBFC8B00C1C67C /* Preview Assets.xcassets in Resources */,
				45861ADA2ACBFC8B00C1C67C /* Assets.xcassets in Resources */,
			);
			runOnlyForDeploymentPostprocessing = 0;
		};
/* End PBXResourcesBuildPhase section */

/* Begin PBXSourcesBuildPhase section */
		45861ACE2ACBFC8A00C1C67C /* Sources */ = {
			isa = PBXSourcesBuildPhase;
			buildActionMask = 2147483647;
			files = (
				45861AF22ACD77F400C1C67C /* AboutView.swift in Sources */,
				45861AEE2ACD4A7100C1C67C /* ErrorWrapper.swift in Sources */,
				45861AD82ACBFC8A00C1C67C /* ContentView.swift in Sources */,
				45861AEC2ACC34DD00C1C67C /* FirstTimeView.swift in Sources */,
				45861AE82ACC280500C1C67C /* UserStore.swift in Sources */,
				45861AF02ACD4B8200C1C67C /* ErrorView.swift in Sources */,
				45861AD62ACBFC8A00C1C67C /* MoneyTimeConverterApp.swift in Sources */,
				45861AE62ACBFCEC00C1C67C /* MoneyData.swift in Sources */,
			);
			runOnlyForDeploymentPostprocessing = 0;
		};
/* End PBXSourcesBuildPhase section */

/* Begin XCBuildConfiguration section */
		45861ADE2ACBFC8B00C1C67C /* Debug */ = {
			isa = XCBuildConfiguration;
			buildSettings = {
				ALWAYS_SEARCH_USER_PATHS = NO;
				CLANG_ANALYZER_NONNULL = YES;
				CLANG_ANALYZER_NUMBER_OBJECT_CONVERSION = YES_AGGRESSIVE;
				CLANG_CXX_LANGUAGE_STANDARD = "gnu++20";
				CLANG_ENABLE_MODULES = YES;
				CLANG_ENABLE_OBJC_ARC = YES;
				CLANG_ENABLE_OBJC_WEAK = YES;
				CLANG_WARN_BLOCK_CAPTURE_AUTORELEASING = YES;
				CLANG_WARN_BOOL_CONVERSION = YES;
				CLANG_WARN_COMMA = YES;
				CLANG_WARN_CONSTANT_CONVERSION = YES;
				CLANG_WARN_DEPRECATED_OBJC_IMPLEMENTATIONS = YES;
				CLANG_WARN_DIRECT_OBJC_ISA_USAGE = YES_ERROR;
				CLANG_WARN_DOCUMENTATION_COMMENTS = YES;
				CLANG_WARN_EMPTY_BODY = YES;
				CLANG_WARN_ENUM_CONVERSION = YES;
				CLANG_WARN_INFINITE_RECURSION = YES;
				CLANG_WARN_INT_CONVERSION = YES;
				CLANG_WARN_NON_LITERAL_NULL_CONVERSION = YES;
				CLANG_WARN_OBJC_IMPLICIT_RETAIN_SELF = YES;
				CLANG_WARN_OBJC_LITERAL_CONVERSION = YES;
				CLANG_WARN_OBJC_ROOT_CLASS = YES_ERROR;
				CLANG_WARN_QUOTED_INCLUDE_IN_FRAMEWORK_HEADER = YES;
				CLANG_WARN_RANGE_LOOP_ANALYSIS = YES;
				CLANG_WARN_STRICT_PROTOTYPES = YES;
				CLANG_WARN_SUSPICIOUS_MOVE = YES;
				CLANG_WARN_UNGUARDED_AVAILABILITY = YES_AGGRESSIVE;
				CLANG_WARN_UNREACHABLE_CODE = YES;
				CLANG_WARN__DUPLICATE_METHOD_MATCH = YES;
				COPY_PHASE_STRIP = NO;
				DEBUG_INFORMATION_FORMAT = dwarf;
				ENABLE_STRICT_OBJC_MSGSEND = YES;
				ENABLE_TESTABILITY = YES;
				GCC_C_LANGUAGE_STANDARD = gnu11;
				GCC_DYNAMIC_NO_PIC = NO;
				GCC_NO_COMMON_BLOCKS = YES;
				GCC_OPTIMIZATION_LEVEL = 0;
				GCC_PREPROCESSOR_DEFINITIONS = (
					"DEBUG=1",
					"$(inherited)",
				);
				GCC_WARN_64_TO_32_BIT_CONVERSION = YES;
				GCC_WARN_ABOUT_RETURN_TYPE = YES_ERROR;
				GCC_WARN_UNDECLARED_SELECTOR = YES;
				GCC_WARN_UNINITIALIZED_AUTOS = YES_AGGRESSIVE;
				GCC_WARN_UNUSED_FUNCTION = YES;
				GCC_WARN_UNUSED_VARIABLE = YES;
				IPHONEOS_DEPLOYMENT_TARGET = 16.4;
				MTL_ENABLE_DEBUG_INFO = INCLUDE_SOURCE;
				MTL_FAST_MATH = YES;
				ONLY_ACTIVE_ARCH = YES;
				SDKROOT = iphoneos;
				SWIFT_ACTIVE_COMPILATION_CONDITIONS = DEBUG;
				SWIFT_OPTIMIZATION_LEVEL = "-Onone";
			};
			name = Debug;
		};
		45861ADF2ACBFC8B00C1C67C /* Release */ = {
			isa = XCBuildConfiguration;
			buildSettings = {
				ALWAYS_SEARCH_USER_PATHS = NO;
				CLANG_ANALYZER_NONNULL = YES;
				CLANG_ANALYZER_NUMBER_OBJECT_CONVERSION = YES_AGGRESSIVE;
				CLANG_CXX_LANGUAGE_STANDARD = "gnu++20";
				CLANG_ENABLE_MODULES = YES;
				CLANG_ENABLE_OBJC_ARC = YES;
				CLANG_ENABLE_OBJC_WEAK = YES;
				CLANG_WARN_BLOCK_CAPTURE_AUTORELEASING = YES;
				CLANG_WARN_BOOL_CONVERSION = YES;
				CLANG_WARN_COMMA = YES;
				CLANG_WARN_CONSTANT_CONVERSION = YES;
				CLANG_WARN_DEPRECATED_OBJC_IMPLEMENTATIONS = YES;
				CLANG_WARN_DIRECT_OBJC_ISA_USAGE = YES_ERROR;
				CLANG_WARN_DOCUMENTATION_COMMENTS = YES;
				CLANG_WARN_EMPTY_BODY = YES;
				CLANG_WARN_ENUM_CONVERSION = YES;
				CLANG_WARN_INFINITE_RECURSION = YES;
				CLANG_WARN_INT_CONVERSION = YES;
				CLANG_WARN_NON_LITERAL_NULL_CONVERSION = YES;
				CLANG_WARN_OBJC_IMPLICIT_RETAIN_SELF = YES;
				CLANG_WARN_OBJC_LITERAL_CONVERSION = YES;
				CLANG_WARN_OBJC_ROOT_CLASS = YES_ERROR;
				CLANG_WARN_QUOTED_INCLUDE_IN_FRAMEWORK_HEADER = YES;
				CLANG_WARN_RANGE_LOOP_ANALYSIS = YES;
				CLANG_WARN_STRICT_PROTOTYPES = YES;
				CLANG_WARN_SUSPICIOUS_MOVE = YES;
				CLANG_WARN_UNGUARDED_AVAILABILITY = YES_AGGRESSIVE;
				CLANG_WARN_UNREACHABLE_CODE = YES;
				CLANG_WARN__DUPLICATE_METHOD_MATCH = YES;
				COPY_PHASE_STRIP = NO;
				DEBUG_INFORMATION_FORMAT = "dwarf-with-dsym";
				ENABLE_NS_ASSERTIONS = NO;
				ENABLE_STRICT_OBJC_MSGSEND = YES;
				GCC_C_LANGUAGE_STANDARD = gnu11;
				GCC_NO_COMMON_BLOCKS = YES;
				GCC_WARN_64_TO_32_BIT_CONVERSION = YES;
				GCC_WARN_ABOUT_RETURN_TYPE = YES_ERROR;
				GCC_WARN_UNDECLARED_SELECTOR = YES;
				GCC_WARN_UNINITIALIZED_AUTOS = YES_AGGRESSIVE;
				GCC_WARN_UNUSED_FUNCTION = YES;
				GCC_WARN_UNUSED_VARIABLE = YES;
				IPHONEOS_DEPLOYMENT_TARGET = 16.4;
				MTL_ENABLE_DEBUG_INFO = NO;
				MTL_FAST_MATH = YES;
				SDKROOT = iphoneos;
				SWIFT_COMPILATION_MODE = wholemodule;
				SWIFT_OPTIMIZATION_LEVEL = "-O";
				VALIDATE_PRODUCT = YES;
			};
			name = Release;
		};
		45861AE12ACBFC8B00C1C67C /* Debug */ = {
			isa = XCBuildConfiguration;
			buildSettings = {
				ASSETCATALOG_COMPILER_APPICON_NAME = AppIcon;
				ASSETCATALOG_COMPILER_GLOBAL_ACCENT_COLOR_NAME = AccentColor;
				CODE_SIGN_STYLE = Automatic;
				CURRENT_PROJECT_VERSION = 1;
				DEVELOPMENT_ASSET_PATHS = "\"MoneyTimeConverter/Preview Content\"";
				ENABLE_PREVIEWS = YES;
				GENERATE_INFOPLIST_FILE = YES;
				INFOPLIST_KEY_UIApplicationSceneManifest_Generation = YES;
				INFOPLIST_KEY_UIApplicationSupportsIndirectInputEvents = YES;
				INFOPLIST_KEY_UILaunchScreen_Generation = YES;
				INFOPLIST_KEY_UISupportedInterfaceOrientations_iPad = "UIInterfaceOrientationPortrait UIInterfaceOrientationPortraitUpsideDown UIInterfaceOrientationLandscapeLeft UIInterfaceOrientationLandscapeRight";
				INFOPLIST_KEY_UISupportedInterfaceOrientations_iPhone = "UIInterfaceOrientationPortrait UIInterfaceOrientationLandscapeLeft UIInterfaceOrientationLandscapeRight";
				LD_RUNPATH_SEARCH_PATHS = (
					"$(inherited)",
					"@executable_path/Frameworks",
				);
				MARKETING_VERSION = 1.0;
				PRODUCT_BUNDLE_IDENTIFIER = KelsoWorkshop.MoneyTimeConverter;
				PRODUCT_NAME = "$(TARGET_NAME)";
				SWIFT_EMIT_LOC_STRINGS = YES;
				SWIFT_VERSION = 5.0;
				TARGETED_DEVICE_FAMILY = "1,2";
			};
			name = Debug;
		};
		45861AE22ACBFC8B00C1C67C /* Release */ = {
			isa = XCBuildConfiguration;
			buildSettings = {
				ASSETCATALOG_COMPILER_APPICON_NAME = AppIcon;
				ASSETCATALOG_COMPILER_GLOBAL_ACCENT_COLOR_NAME = AccentColor;
				CODE_SIGN_STYLE = Automatic;
				CURRENT_PROJECT_VERSION = 1;
				DEVELOPMENT_ASSET_PATHS = "\"MoneyTimeConverter/Preview Content\"";
				ENABLE_PREVIEWS = YES;
				GENERATE_INFOPLIST_FILE = YES;
				INFOPLIST_KEY_UIApplicationSceneManifest_Generation = YES;
				INFOPLIST_KEY_UIApplicationSupportsIndirectInputEvents = YES;
				INFOPLIST_KEY_UILaunchScreen_Generation = YES;
				INFOPLIST_KEY_UISupportedInterfaceOrientations_iPad = "UIInterfaceOrientationPortrait UIInterfaceOrientationPortraitUpsideDown UIInterfaceOrientationLandscapeLeft UIInterfaceOrientationLandscapeRight";
				INFOPLIST_KEY_UISupportedInterfaceOrientations_iPhone = "UIInterfaceOrientationPortrait UIInterfaceOrientationLandscapeLeft UIInterfaceOrientationLandscapeRight";
				LD_RUNPATH_SEARCH_PATHS = (
					"$(inherited)",
					"@executable_path/Frameworks",
				);
				MARKETING_VERSION = 1.0;
				PRODUCT_BUNDLE_IDENTIFIER = KelsoWorkshop.MoneyTimeConverter;
				PRODUCT_NAME = "$(TARGET_NAME)";
				SWIFT_EMIT_LOC_STRINGS = YES;
				SWIFT_VERSION = 5.0;
				TARGETED_DEVICE_FAMILY = "1,2";
			};
			name = Release;
		};
/* End XCBuildConfiguration section */

/* Begin XCConfigurationList section */
		45861ACD2ACBFC8A00C1C67C /* Build configuration list for PBXProject "MoneyTimeConverter" */ = {
			isa = XCConfigurationList;
			buildConfigurations = (
				45861ADE2ACBFC8B00C1C67C /* Debug */,
				45861ADF2ACBFC8B00C1C67C /* Release */,
			);
			defaultConfigurationIsVisible = 0;
			defaultConfigurationName = Release;
		};
		45861AE02ACBFC8B00C1C67C /* Build configuration list for PBXNativeTarget "MoneyTimeConverter" */ = {
			isa = XCConfigurationList;
			buildConfigurations = (
				45861AE12ACBFC8B00C1C67C /* Debug */,
				45861AE22ACBFC8B00C1C67C /* Release */,
			);
			defaultConfigurationIsVisible = 0;
			defaultConfigurationName = Release;
		};
/* End XCConfigurationList section */
	};
	rootObject = 45861ACA2ACBFC8A00C1C67C /* Project object */;
}
